
Microsoft Visual Studio Solution File, Format Version 12.00
# Visual Studio Version 16
VisualStudioVersion = 16.0.35229.62
MinimumVisualStudioVersion = 10.0.40219.1
Project("{B1E792BE-AA5F-4E3C-8C82-674BF9C0715B}") = "SW01_02", "SW01\SW01_02.tsproj", "{B8A08EF1-459F-4A6F-A649-FDD719F80A8A}"
EndProject
Project("{B1E792BE-AA5F-4E3C-8C82-674BF9C0715B}") = "SW02A", "SW02A\SW02A.tsproj", "{38BD6430-EEFB-452F-842F-778CB0F20C8B}"
EndProject
Project("{B1E792BE-AA5F-4E3C-8C82-674BF9C0715B}") = "SW03A", "SW03A\SW03A.tsproj", "{1C31FEA1-C83D-4EF1-8A45-00A9F8B3DE07}"
EndProject
Project("{FD9F1D59-E000-42F3-8744-88DE1BE93C06}") = "YT Scope Project_SW03A", "YT Scope Project_SW03A\YT Scope Project_SW03A.tcmproj", "{D130D62A-6FF2-4639-95FA-62F1A809CA2E}"
EndProject
Project("{B1E792BE-AA5F-4E3C-8C82-674BF9C0715B}") = "SW04", "SW04\SW04.tsproj", "{FF43FA20-8C33-4139-8C8E-40B99BF8B1F1}"
EndProject
Project("{B1E792BE-AA5F-4E3C-8C82-674BF9C0715B}") = "SW01A", "SW06\SW01A.tsproj", "{5474BF0E-ED4F-4181-B292-C6608DD1EB8C}"
EndProject
Project("{B1E792BE-AA5F-4E3C-8C82-674BF9C0715B}") = "Tresor", "Tresor\Tresor.tsproj", "{076E8F1E-C6A0-4C60-A608-817E736677FE}"
EndProject
Project("{B1E792BE-AA5F-4E3C-8C82-674BF9C0715B}") = "Ampel", "Ampel\Ampel.tsproj", "{196C815D-E741-44B5-A474-D161DDCDCC78}"
EndProject
Project("{B1E792BE-AA5F-4E3C-8C82-674BF9C0715B}") = "SW05A", "SW05A\SW05A.tsproj", "{C8E14632-5598-4FC6-9754-C8D2FBFBFA65}"
EndProject
Project("{B1E792BE-AA5F-4E3C-8C82-674BF9C0715B}") = "SW05A6", "SW05A6\SW05A6.tsproj", "{EFD724DD-07B2-4B0B-A6A6-C286B423E16A}"
EndProject
Project("{B1E792BE-AA5F-4E3C-8C82-674BF9C0715B}") = "SW07A", "SW07A\SW07A.tsproj", "{89EBE93B-3262-4D9A-8A9E-0F41842FA670}"
EndProject
Project("{B1E792BE-AA5F-4E3C-8C82-674BF9C0715B}") = "SW08A", "SW08A\SW08A.tsproj", "{15528FE7-E6FC-4876-8AD3-16F5B86E3568}"
EndProject
Project("{B1E792BE-AA5F-4E3C-8C82-674BF9C0715B}") = "Labor_Gleichstrommotors", "Labor_Gleichstrommotors\Labor_Gleichstrommotors.tsproj", "{058F41A7-DA1E-42B4-95C2-601B18A1113D}"
EndProject
Project("{FD9F1D59-E000-42F3-8744-88DE1BE93C06}") = "yt-Scope Labor", "yt-Scope Labor\yt-Scope Labor.tcmproj", "{832F1D76-B491-48D8-ACAB-7E6D74FFAD17}"
EndProject
Project("{FD9F1D59-E000-42F3-8744-88DE1BE93C06}") = "yt-scope_dcMotor", "yt-scope_dcMotor\yt-scope_dcMotor.tcmproj", "{FD8F8852-6E25-4EE4-BAC0-D1BFC04FFCEC}"
EndProject
Global
	GlobalSection(SolutionConfigurationPlatforms) = preSolution
		Debug|TwinCAT CE7 (ARMV7) = Debug|TwinCAT CE7 (ARMV7)
		Debug|TwinCAT OS (ARMT2) = Debug|TwinCAT OS (ARMT2)
		Debug|TwinCAT OS (x64) = Debug|TwinCAT OS (x64)
		Debug|TwinCAT RT (x64) = Debug|TwinCAT RT (x64)
		Debug|TwinCAT RT (x86) = Debug|TwinCAT RT (x86)
		Release|TwinCAT CE7 (ARMV7) = Release|TwinCAT CE7 (ARMV7)
		Release|TwinCAT OS (ARMT2) = Release|TwinCAT OS (ARMT2)
		Release|TwinCAT OS (x64) = Release|TwinCAT OS (x64)
		Release|TwinCAT RT (x64) = Release|TwinCAT RT (x64)
		Release|TwinCAT RT (x86) = Release|TwinCAT RT (x86)
	EndGlobalSection
	GlobalSection(ProjectConfigurationPlatforms) = postSolution
		{B8A08EF1-459F-4A6F-A649-FDD719F80A8A}.Debug|TwinCAT CE7 (ARMV7).ActiveCfg = Debug|TwinCAT CE7 (ARMV7)
		{B8A08EF1-459F-4A6F-A649-FDD719F80A8A}.Debug|TwinCAT CE7 (ARMV7).Build.0 = Debug|TwinCAT CE7 (ARMV7)
		{B8A08EF1-459F-4A6F-A649-FDD719F80A8A}.Debug|TwinCAT OS (ARMT2).ActiveCfg = Debug|TwinCAT OS (ARMT2)
		{B8A08EF1-459F-4A6F-A649-FDD719F80A8A}.Debug|TwinCAT OS (ARMT2).Build.0 = Debug|TwinCAT OS (ARMT2)
		{B8A08EF1-459F-4A6F-A649-FDD719F80A8A}.Debug|TwinCAT OS (x64).ActiveCfg = Debug|TwinCAT OS (ARMT2)
		{B8A08EF1-459F-4A6F-A649-FDD719F80A8A}.Debug|TwinCAT RT (x64).ActiveCfg = Debug|TwinCAT RT (x64)
		{B8A08EF1-459F-4A6F-A649-FDD719F80A8A}.Debug|TwinCAT RT (x64).Build.0 = Debug|TwinCAT RT (x64)
		{B8A08EF1-459F-4A6F-A649-FDD719F80A8A}.Debug|TwinCAT RT (x86).ActiveCfg = Debug|TwinCAT RT (x86)
		{B8A08EF1-459F-4A6F-A649-FDD719F80A8A}.Debug|TwinCAT RT (x86).Build.0 = Debug|TwinCAT RT (x86)
		{B8A08EF1-459F-4A6F-A649-FDD719F80A8A}.Release|TwinCAT CE7 (ARMV7).ActiveCfg = Release|TwinCAT CE7 (ARMV7)
		{B8A08EF1-459F-4A6F-A649-FDD719F80A8A}.Release|TwinCAT CE7 (ARMV7).Build.0 = Release|TwinCAT CE7 (ARMV7)
		{B8A08EF1-459F-4A6F-A649-FDD719F80A8A}.Release|TwinCAT OS (ARMT2).ActiveCfg = Release|TwinCAT OS (ARMT2)
		{B8A08EF1-459F-4A6F-A649-FDD719F80A8A}.Release|TwinCAT OS (ARMT2).Build.0 = Release|TwinCAT OS (ARMT2)
		{B8A08EF1-459F-4A6F-A649-FDD719F80A8A}.Release|TwinCAT OS (x64).ActiveCfg = Release|TwinCAT OS (ARMT2)
		{B8A08EF1-459F-4A6F-A649-FDD719F80A8A}.Release|TwinCAT RT (x64).ActiveCfg = Release|TwinCAT RT (x64)
		{B8A08EF1-459F-4A6F-A649-FDD719F80A8A}.Release|TwinCAT RT (x64).Build.0 = Release|TwinCAT RT (x64)
		{B8A08EF1-459F-4A6F-A649-FDD719F80A8A}.Release|TwinCAT RT (x86).ActiveCfg = Release|TwinCAT RT (x86)
		{B8A08EF1-459F-4A6F-A649-FDD719F80A8A}.Release|TwinCAT RT (x86).Build.0 = Release|TwinCAT RT (x86)
		{38BD6430-EEFB-452F-842F-778CB0F20C8B}.Debug|TwinCAT CE7 (ARMV7).ActiveCfg = Debug|TwinCAT CE7 (ARMV7)
		{38BD6430-EEFB-452F-842F-778CB0F20C8B}.Debug|TwinCAT CE7 (ARMV7).Build.0 = Debug|TwinCAT CE7 (ARMV7)
		{38BD6430-EEFB-452F-842F-778CB0F20C8B}.Debug|TwinCAT OS (ARMT2).ActiveCfg = Debug|TwinCAT OS (ARMT2)
		{38BD6430-EEFB-452F-842F-778CB0F20C8B}.Debug|TwinCAT OS (ARMT2).Build.0 = Debug|TwinCAT OS (ARMT2)
		{38BD6430-EEFB-452F-842F-778CB0F20C8B}.Debug|TwinCAT OS (x64).ActiveCfg = Debug|TwinCAT OS (ARMT2)
		{38BD6430-EEFB-452F-842F-778CB0F20C8B}.Debug|TwinCAT RT (x64).ActiveCfg = Debug|TwinCAT RT (x64)
		{38BD6430-EEFB-452F-842F-778CB0F20C8B}.Debug|TwinCAT RT (x64).Build.0 = Debug|TwinCAT RT (x64)
		{38BD6430-EEFB-452F-842F-778CB0F20C8B}.Debug|TwinCAT RT (x86).ActiveCfg = Debug|TwinCAT RT (x86)
		{38BD6430-EEFB-452F-842F-778CB0F20C8B}.Debug|TwinCAT RT (x86).Build.0 = Debug|TwinCAT RT (x86)
		{38BD6430-EEFB-452F-842F-778CB0F20C8B}.Release|TwinCAT CE7 (ARMV7).ActiveCfg = Release|TwinCAT CE7 (ARMV7)
		{38BD6430-EEFB-452F-842F-778CB0F20C8B}.Release|TwinCAT CE7 (ARMV7).Build.0 = Release|TwinCAT CE7 (ARMV7)
		{38BD6430-EEFB-452F-842F-778CB0F20C8B}.Release|TwinCAT OS (ARMT2).ActiveCfg = Release|TwinCAT OS (ARMT2)
		{38BD6430-EEFB-452F-842F-778CB0F20C8B}.Release|TwinCAT OS (ARMT2).Build.0 = Release|TwinCAT OS (ARMT2)
		{38BD6430-EEFB-452F-842F-778CB0F20C8B}.Release|TwinCAT OS (x64).ActiveCfg = Release|TwinCAT OS (ARMT2)
		{38BD6430-EEFB-452F-842F-778CB0F20C8B}.Release|TwinCAT RT (x64).ActiveCfg = Release|TwinCAT RT (x64)
		{38BD6430-EEFB-452F-842F-778CB0F20C8B}.Release|TwinCAT RT (x64).Build.0 = Release|TwinCAT RT (x64)
		{38BD6430-EEFB-452F-842F-778CB0F20C8B}.Release|TwinCAT RT (x86).ActiveCfg = Release|TwinCAT RT (x86)
		{38BD6430-EEFB-452F-842F-778CB0F20C8B}.Release|TwinCAT RT (x86).Build.0 = Release|TwinCAT RT (x86)
		{1C31FEA1-C83D-4EF1-8A45-00A9F8B3DE07}.Debug|TwinCAT CE7 (ARMV7).ActiveCfg = Debug|TwinCAT CE7 (ARMV7)
		{1C31FEA1-C83D-4EF1-8A45-00A9F8B3DE07}.Debug|TwinCAT CE7 (ARMV7).Build.0 = Debug|TwinCAT CE7 (ARMV7)
		{1C31FEA1-C83D-4EF1-8A45-00A9F8B3DE07}.Debug|TwinCAT OS (ARMT2).ActiveCfg = Debug|TwinCAT OS (ARMT2)
		{1C31FEA1-C83D-4EF1-8A45-00A9F8B3DE07}.Debug|TwinCAT OS (ARMT2).Build.0 = Debug|TwinCAT OS (ARMT2)
		{1C31FEA1-C83D-4EF1-8A45-00A9F8B3DE07}.Debug|TwinCAT OS (x64).ActiveCfg = Debug|TwinCAT OS (ARMT2)
		{1C31FEA1-C83D-4EF1-8A45-00A9F8B3DE07}.Debug|TwinCAT RT (x64).ActiveCfg = Debug|TwinCAT RT (x64)
		{1C31FEA1-C83D-4EF1-8A45-00A9F8B3DE07}.Debug|TwinCAT RT (x64).Build.0 = Debug|TwinCAT RT (x64)
		{1C31FEA1-C83D-4EF1-8A45-00A9F8B3DE07}.Debug|TwinCAT RT (x86).ActiveCfg = Debug|TwinCAT RT (x86)
		{1C31FEA1-C83D-4EF1-8A45-00A9F8B3DE07}.Debug|TwinCAT RT (x86).Build.0 = Debug|TwinCAT RT (x86)
		{1C31FEA1-C83D-4EF1-8A45-00A9F8B3DE07}.Release|TwinCAT CE7 (ARMV7).ActiveCfg = Release|TwinCAT CE7 (ARMV7)
		{1C31FEA1-C83D-4EF1-8A45-00A9F8B3DE07}.Release|TwinCAT CE7 (ARMV7).Build.0 = Release|TwinCAT CE7 (ARMV7)
		{1C31FEA1-C83D-4EF1-8A45-00A9F8B3DE07}.Release|TwinCAT OS (ARMT2).ActiveCfg = Release|TwinCAT OS (ARMT2)
		{1C31FEA1-C83D-4EF1-8A45-00A9F8B3DE07}.Release|TwinCAT OS (ARMT2).Build.0 = Release|TwinCAT OS (ARMT2)
		{1C31FEA1-C83D-4EF1-8A45-00A9F8B3DE07}.Release|TwinCAT OS (x64).ActiveCfg = Release|TwinCAT OS (ARMT2)
		{1C31FEA1-C83D-4EF1-8A45-00A9F8B3DE07}.Release|TwinCAT RT (x64).ActiveCfg = Release|TwinCAT RT (x64)
		{1C31FEA1-C83D-4EF1-8A45-00A9F8B3DE07}.Release|TwinCAT RT (x64).Build.0 = Release|TwinCAT RT (x64)
		{1C31FEA1-C83D-4EF1-8A45-00A9F8B3DE07}.Release|TwinCAT RT (x86).ActiveCfg = Release|TwinCAT RT (x86)
		{1C31FEA1-C83D-4EF1-8A45-00A9F8B3DE07}.Release|TwinCAT RT (x86).Build.0 = Release|TwinCAT RT (x86)
		{D130D62A-6FF2-4639-95FA-62F1A809CA2E}.Debug|TwinCAT CE7 (ARMV7).ActiveCfg = Debug|TwinCAT CE7 (ARMV7)
		{D130D62A-6FF2-4639-95FA-62F1A809CA2E}.Debug|TwinCAT OS (ARMT2).ActiveCfg = Debug|TwinCAT OS (ARMT2)
		{D130D62A-6FF2-4639-95FA-62F1A809CA2E}.Debug|TwinCAT OS (x64).ActiveCfg = Debug|TwinCAT OS (x64)
		{D130D62A-6FF2-4639-95FA-62F1A809CA2E}.Debug|TwinCAT RT (x64).ActiveCfg = Debug|TwinCAT RT (x64)
		{D130D62A-6FF2-4639-95FA-62F1A809CA2E}.Debug|TwinCAT RT (x86).ActiveCfg = Debug|TwinCAT RT (x86)
		{D130D62A-6FF2-4639-95FA-62F1A809CA2E}.Release|TwinCAT CE7 (ARMV7).ActiveCfg = Release|TwinCAT CE7 (ARMV7)
		{D130D62A-6FF2-4639-95FA-62F1A809CA2E}.Release|TwinCAT OS (ARMT2).ActiveCfg = Release|TwinCAT OS (ARMT2)
		{D130D62A-6FF2-4639-95FA-62F1A809CA2E}.Release|TwinCAT OS (x64).ActiveCfg = Release|TwinCAT OS (x64)
		{D130D62A-6FF2-4639-95FA-62F1A809CA2E}.Release|TwinCAT RT (x64).ActiveCfg = Release|TwinCAT RT (x64)
		{D130D62A-6FF2-4639-95FA-62F1A809CA2E}.Release|TwinCAT RT (x86).ActiveCfg = Release|TwinCAT RT (x86)
		{FF43FA20-8C33-4139-8C8E-40B99BF8B1F1}.Debug|TwinCAT CE7 (ARMV7).ActiveCfg = Debug|TwinCAT CE7 (ARMV7)
		{FF43FA20-8C33-4139-8C8E-40B99BF8B1F1}.Debug|TwinCAT CE7 (ARMV7).Build.0 = Debug|TwinCAT CE7 (ARMV7)
		{FF43FA20-8C33-4139-8C8E-40B99BF8B1F1}.Debug|TwinCAT OS (ARMT2).ActiveCfg = Debug|TwinCAT OS (ARMT2)
		{FF43FA20-8C33-4139-8C8E-40B99BF8B1F1}.Debug|TwinCAT OS (ARMT2).Build.0 = Debug|TwinCAT OS (ARMT2)
		{FF43FA20-8C33-4139-8C8E-40B99BF8B1F1}.Debug|TwinCAT OS (x64).ActiveCfg = Debug|TwinCAT OS (ARMT2)
		{FF43FA20-8C33-4139-8C8E-40B99BF8B1F1}.Debug|TwinCAT RT (x64).ActiveCfg = Debug|TwinCAT RT (x64)
		{FF43FA20-8C33-4139-8C8E-40B99BF8B1F1}.Debug|TwinCAT RT (x64).Build.0 = Debug|TwinCAT RT (x64)
		{FF43FA20-8C33-4139-8C8E-40B99BF8B1F1}.Debug|TwinCAT RT (x86).ActiveCfg = Debug|TwinCAT RT (x86)
		{FF43FA20-8C33-4139-8C8E-40B99BF8B1F1}.Debug|TwinCAT RT (x86).Build.0 = Debug|TwinCAT RT (x86)
		{FF43FA20-8C33-4139-8C8E-40B99BF8B1F1}.Release|TwinCAT CE7 (ARMV7).ActiveCfg = Release|TwinCAT CE7 (ARMV7)
		{FF43FA20-8C33-4139-8C8E-40B99BF8B1F1}.Release|TwinCAT CE7 (ARMV7).Build.0 = Release|TwinCAT CE7 (ARMV7)
		{FF43FA20-8C33-4139-8C8E-40B99BF8B1F1}.Release|TwinCAT OS (ARMT2).ActiveCfg = Release|TwinCAT OS (ARMT2)
		{FF43FA20-8C33-4139-8C8E-40B99BF8B1F1}.Release|TwinCAT OS (ARMT2).Build.0 = Release|TwinCAT OS (ARMT2)
		{FF43FA20-8C33-4139-8C8E-40B99BF8B1F1}.Release|TwinCAT OS (x64).ActiveCfg = Release|TwinCAT OS (ARMT2)
		{FF43FA20-8C33-4139-8C8E-40B99BF8B1F1}.Release|TwinCAT RT (x64).ActiveCfg = Release|TwinCAT RT (x64)
		{FF43FA20-8C33-4139-8C8E-40B99BF8B1F1}.Release|TwinCAT RT (x64).Build.0 = Release|TwinCAT RT (x64)
		{FF43FA20-8C33-4139-8C8E-40B99BF8B1F1}.Release|TwinCAT RT (x86).ActiveCfg = Release|TwinCAT RT (x86)
		{FF43FA20-8C33-4139-8C8E-40B99BF8B1F1}.Release|TwinCAT RT (x86).Build.0 = Release|TwinCAT RT (x86)
		{5474BF0E-ED4F-4181-B292-C6608DD1EB8C}.Debug|TwinCAT CE7 (ARMV7).ActiveCfg = Debug|TwinCAT CE7 (ARMV7)
		{5474BF0E-ED4F-4181-B292-C6608DD1EB8C}.Debug|TwinCAT CE7 (ARMV7).Build.0 = Debug|TwinCAT CE7 (ARMV7)
		{5474BF0E-ED4F-4181-B292-C6608DD1EB8C}.Debug|TwinCAT OS (ARMT2).ActiveCfg = Debug|TwinCAT OS (ARMT2)
		{5474BF0E-ED4F-4181-B292-C6608DD1EB8C}.Debug|TwinCAT OS (ARMT2).Build.0 = Debug|TwinCAT OS (ARMT2)
		{5474BF0E-ED4F-4181-B292-C6608DD1EB8C}.Debug|TwinCAT OS (x64).ActiveCfg = Debug|TwinCAT OS (ARMT2)
		{5474BF0E-ED4F-4181-B292-C6608DD1EB8C}.Debug|TwinCAT RT (x64).ActiveCfg = Debug|TwinCAT RT (x64)
		{5474BF0E-ED4F-4181-B292-C6608DD1EB8C}.Debug|TwinCAT RT (x64).Build.0 = Debug|TwinCAT RT (x64)
		{5474BF0E-ED4F-4181-B292-C6608DD1EB8C}.Debug|TwinCAT RT (x86).ActiveCfg = Debug|TwinCAT RT (x86)
		{5474BF0E-ED4F-4181-B292-C6608DD1EB8C}.Debug|TwinCAT RT (x86).Build.0 = Debug|TwinCAT RT (x86)
		{5474BF0E-ED4F-4181-B292-C6608DD1EB8C}.Release|TwinCAT CE7 (ARMV7).ActiveCfg = Release|TwinCAT CE7 (ARMV7)
		{5474BF0E-ED4F-4181-B292-C6608DD1EB8C}.Release|TwinCAT CE7 (ARMV7).Build.0 = Release|TwinCAT CE7 (ARMV7)
		{5474BF0E-ED4F-4181-B292-C6608DD1EB8C}.Release|TwinCAT OS (ARMT2).ActiveCfg = Release|TwinCAT OS (ARMT2)
		{5474BF0E-ED4F-4181-B292-C6608DD1EB8C}.Release|TwinCAT OS (ARMT2).Build.0 = Release|TwinCAT OS (ARMT2)
		{5474BF0E-ED4F-4181-B292-C6608DD1EB8C}.Release|TwinCAT OS (x64).ActiveCfg = Release|TwinCAT OS (ARMT2)
		{5474BF0E-ED4F-4181-B292-C6608DD1EB8C}.Release|TwinCAT RT (x64).ActiveCfg = Release|TwinCAT RT (x64)
		{5474BF0E-ED4F-4181-B292-C6608DD1EB8C}.Release|TwinCAT RT (x64).Build.0 = Release|TwinCAT RT (x64)
		{5474BF0E-ED4F-4181-B292-C6608DD1EB8C}.Release|TwinCAT RT (x86).ActiveCfg = Release|TwinCAT RT (x86)
		{5474BF0E-ED4F-4181-B292-C6608DD1EB8C}.Release|TwinCAT RT (x86).Build.0 = Release|TwinCAT RT (x86)
		{076E8F1E-C6A0-4C60-A608-817E736677FE}.Debug|TwinCAT CE7 (ARMV7).ActiveCfg = Debug|TwinCAT CE7 (ARMV7)
		{076E8F1E-C6A0-4C60-A608-817E736677FE}.Debug|TwinCAT CE7 (ARMV7).Build.0 = Debug|TwinCAT CE7 (ARMV7)
		{076E8F1E-C6A0-4C60-A608-817E736677FE}.Debug|TwinCAT OS (ARMT2).ActiveCfg = Debug|TwinCAT OS (ARMT2)
		{076E8F1E-C6A0-4C60-A608-817E736677FE}.Debug|TwinCAT OS (ARMT2).Build.0 = Debug|TwinCAT OS (ARMT2)
		{076E8F1E-C6A0-4C60-A608-817E736677FE}.Debug|TwinCAT OS (x64).ActiveCfg = Debug|TwinCAT OS (ARMT2)
		{076E8F1E-C6A0-4C60-A608-817E736677FE}.Debug|TwinCAT RT (x64).ActiveCfg = Debug|TwinCAT RT (x64)
		{076E8F1E-C6A0-4C60-A608-817E736677FE}.Debug|TwinCAT RT (x64).Build.0 = Debug|TwinCAT RT (x64)
		{076E8F1E-C6A0-4C60-A608-817E736677FE}.Debug|TwinCAT RT (x86).ActiveCfg = Debug|TwinCAT RT (x86)
		{076E8F1E-C6A0-4C60-A608-817E736677FE}.Debug|TwinCAT RT (x86).Build.0 = Debug|TwinCAT RT (x86)
		{076E8F1E-C6A0-4C60-A608-817E736677FE}.Release|TwinCAT CE7 (ARMV7).ActiveCfg = Release|TwinCAT CE7 (ARMV7)
		{076E8F1E-C6A0-4C60-A608-817E736677FE}.Release|TwinCAT CE7 (ARMV7).Build.0 = Release|TwinCAT CE7 (ARMV7)
		{076E8F1E-C6A0-4C60-A608-817E736677FE}.Release|TwinCAT OS (ARMT2).ActiveCfg = Release|TwinCAT OS (ARMT2)
		{076E8F1E-C6A0-4C60-A608-817E736677FE}.Release|TwinCAT OS (ARMT2).Build.0 = Release|TwinCAT OS (ARMT2)
		{076E8F1E-C6A0-4C60-A608-817E736677FE}.Release|TwinCAT OS (x64).ActiveCfg = Release|TwinCAT OS (ARMT2)
		{076E8F1E-C6A0-4C60-A608-817E736677FE}.Release|TwinCAT RT (x64).ActiveCfg = Release|TwinCAT RT (x64)
		{076E8F1E-C6A0-4C60-A608-817E736677FE}.Release|TwinCAT RT (x64).Build.0 = Release|TwinCAT RT (x64)
		{076E8F1E-C6A0-4C60-A608-817E736677FE}.Release|TwinCAT RT (x86).ActiveCfg = Release|TwinCAT RT (x86)
		{076E8F1E-C6A0-4C60-A608-817E736677FE}.Release|TwinCAT RT (x86).Build.0 = Release|TwinCAT RT (x86)
		{196C815D-E741-44B5-A474-D161DDCDCC78}.Debug|TwinCAT CE7 (ARMV7).ActiveCfg = Debug|TwinCAT CE7 (ARMV7)
		{196C815D-E741-44B5-A474-D161DDCDCC78}.Debug|TwinCAT CE7 (ARMV7).Build.0 = Debug|TwinCAT CE7 (ARMV7)
		{196C815D-E741-44B5-A474-D161DDCDCC78}.Debug|TwinCAT OS (ARMT2).ActiveCfg = Debug|TwinCAT OS (ARMT2)
		{196C815D-E741-44B5-A474-D161DDCDCC78}.Debug|TwinCAT OS (ARMT2).Build.0 = Debug|TwinCAT OS (ARMT2)
		{196C815D-E741-44B5-A474-D161DDCDCC78}.Debug|TwinCAT OS (x64).ActiveCfg = Debug|TwinCAT OS (ARMT2)
		{196C815D-E741-44B5-A474-D161DDCDCC78}.Debug|TwinCAT RT (x64).ActiveCfg = Debug|TwinCAT RT (x64)
		{196C815D-E741-44B5-A474-D161DDCDCC78}.Debug|TwinCAT RT (x64).Build.0 = Debug|TwinCAT RT (x64)
		{196C815D-E741-44B5-A474-D161DDCDCC78}.Debug|TwinCAT RT (x86).ActiveCfg = Debug|TwinCAT RT (x86)
		{196C815D-E741-44B5-A474-D161DDCDCC78}.Debug|TwinCAT RT (x86).Build.0 = Debug|TwinCAT RT (x86)
		{196C815D-E741-44B5-A474-D161DDCDCC78}.Release|TwinCAT CE7 (ARMV7).ActiveCfg = Release|TwinCAT CE7 (ARMV7)
		{196C815D-E741-44B5-A474-D161DDCDCC78}.Release|TwinCAT CE7 (ARMV7).Build.0 = Release|TwinCAT CE7 (ARMV7)
		{196C815D-E741-44B5-A474-D161DDCDCC78}.Release|TwinCAT OS (ARMT2).ActiveCfg = Release|TwinCAT OS (ARMT2)
		{196C815D-E741-44B5-A474-D161DDCDCC78}.Release|TwinCAT OS (ARMT2).Build.0 = Release|TwinCAT OS (ARMT2)
		{196C815D-E741-44B5-A474-D161DDCDCC78}.Release|TwinCAT OS (x64).ActiveCfg = Release|TwinCAT OS (ARMT2)
		{196C815D-E741-44B5-A474-D161DDCDCC78}.Release|TwinCAT RT (x64).ActiveCfg = Release|TwinCAT RT (x64)
		{196C815D-E741-44B5-A474-D161DDCDCC78}.Release|TwinCAT RT (x64).Build.0 = Release|TwinCAT RT (x64)
		{196C815D-E741-44B5-A474-D161DDCDCC78}.Release|TwinCAT RT (x86).ActiveCfg = Release|TwinCAT RT (x86)
		{196C815D-E741-44B5-A474-D161DDCDCC78}.Release|TwinCAT RT (x86).Build.0 = Release|TwinCAT RT (x86)
		{C8E14632-5598-4FC6-9754-C8D2FBFBFA65}.Debug|TwinCAT CE7 (ARMV7).ActiveCfg = Debug|TwinCAT CE7 (ARMV7)
		{C8E14632-5598-4FC6-9754-C8D2FBFBFA65}.Debug|TwinCAT CE7 (ARMV7).Build.0 = Debug|TwinCAT CE7 (ARMV7)
		{C8E14632-5598-4FC6-9754-C8D2FBFBFA65}.Debug|TwinCAT OS (ARMT2).ActiveCfg = Debug|TwinCAT OS (ARMT2)
		{C8E14632-5598-4FC6-9754-C8D2FBFBFA65}.Debug|TwinCAT OS (ARMT2).Build.0 = Debug|TwinCAT OS (ARMT2)
		{C8E14632-5598-4FC6-9754-C8D2FBFBFA65}.Debug|TwinCAT OS (x64).ActiveCfg = Debug|TwinCAT OS (ARMT2)
		{C8E14632-5598-4FC6-9754-C8D2FBFBFA65}.Debug|TwinCAT RT (x64).ActiveCfg = Debug|TwinCAT RT (x64)
		{C8E14632-5598-4FC6-9754-C8D2FBFBFA65}.Debug|TwinCAT RT (x64).Build.0 = Debug|TwinCAT RT (x64)
		{C8E14632-5598-4FC6-9754-C8D2FBFBFA65}.Debug|TwinCAT RT (x86).ActiveCfg = Debug|TwinCAT RT (x86)
		{C8E14632-5598-4FC6-9754-C8D2FBFBFA65}.Debug|TwinCAT RT (x86).Build.0 = Debug|TwinCAT RT (x86)
		{C8E14632-5598-4FC6-9754-C8D2FBFBFA65}.Release|TwinCAT CE7 (ARMV7).ActiveCfg = Release|TwinCAT CE7 (ARMV7)
		{C8E14632-5598-4FC6-9754-C8D2FBFBFA65}.Release|TwinCAT CE7 (ARMV7).Build.0 = Release|TwinCAT CE7 (ARMV7)
		{C8E14632-5598-4FC6-9754-C8D2FBFBFA65}.Release|TwinCAT OS (ARMT2).ActiveCfg = Release|TwinCAT OS (ARMT2)
		{C8E14632-5598-4FC6-9754-C8D2FBFBFA65}.Release|TwinCAT OS (ARMT2).Build.0 = Release|TwinCAT OS (ARMT2)
		{C8E14632-5598-4FC6-9754-C8D2FBFBFA65}.Release|TwinCAT OS (x64).ActiveCfg = Release|TwinCAT OS (ARMT2)
		{C8E14632-5598-4FC6-9754-C8D2FBFBFA65}.Release|TwinCAT RT (x64).ActiveCfg = Release|TwinCAT RT (x64)
		{C8E14632-5598-4FC6-9754-C8D2FBFBFA65}.Release|TwinCAT RT (x64).Build.0 = Release|TwinCAT RT (x64)
		{C8E14632-5598-4FC6-9754-C8D2FBFBFA65}.Release|TwinCAT RT (x86).ActiveCfg = Release|TwinCAT RT (x86)
		{C8E14632-5598-4FC6-9754-C8D2FBFBFA65}.Release|TwinCAT RT (x86).Build.0 = Release|TwinCAT RT (x86)
		{EFD724DD-07B2-4B0B-A6A6-C286B423E16A}.Debug|TwinCAT CE7 (ARMV7).ActiveCfg = Debug|TwinCAT CE7 (ARMV7)
		{EFD724DD-07B2-4B0B-A6A6-C286B423E16A}.Debug|TwinCAT CE7 (ARMV7).Build.0 = Debug|TwinCAT CE7 (ARMV7)
		{EFD724DD-07B2-4B0B-A6A6-C286B423E16A}.Debug|TwinCAT OS (ARMT2).ActiveCfg = Debug|TwinCAT OS (ARMT2)
		{EFD724DD-07B2-4B0B-A6A6-C286B423E16A}.Debug|TwinCAT OS (ARMT2).Build.0 = Debug|TwinCAT OS (ARMT2)
		{EFD724DD-07B2-4B0B-A6A6-C286B423E16A}.Debug|TwinCAT OS (x64).ActiveCfg = Debug|TwinCAT OS (ARMT2)
		{EFD724DD-07B2-4B0B-A6A6-C286B423E16A}.Debug|TwinCAT RT (x64).ActiveCfg = Debug|TwinCAT RT (x64)
		{EFD724DD-07B2-4B0B-A6A6-C286B423E16A}.Debug|TwinCAT RT (x64).Build.0 = Debug|TwinCAT RT (x64)
		{EFD724DD-07B2-4B0B-A6A6-C286B423E16A}.Debug|TwinCAT RT (x86).ActiveCfg = Debug|TwinCAT RT (x86)
		{EFD724DD-07B2-4B0B-A6A6-C286B423E16A}.Debug|TwinCAT RT (x86).Build.0 = Debug|TwinCAT RT (x86)
		{EFD724DD-07B2-4B0B-A6A6-C286B423E16A}.Release|TwinCAT CE7 (ARMV7).ActiveCfg = Release|TwinCAT CE7 (ARMV7)
		{EFD724DD-07B2-4B0B-A6A6-C286B423E16A}.Release|TwinCAT CE7 (ARMV7).Build.0 = Release|TwinCAT CE7 (ARMV7)
		{EFD724DD-07B2-4B0B-A6A6-C286B423E16A}.Release|TwinCAT OS (ARMT2).ActiveCfg = Release|TwinCAT OS (ARMT2)
		{EFD724DD-07B2-4B0B-A6A6-C286B423E16A}.Release|TwinCAT OS (ARMT2).Build.0 = Release|TwinCAT OS (ARMT2)
		{EFD724DD-07B2-4B0B-A6A6-C286B423E16A}.Release|TwinCAT OS (x64).ActiveCfg = Release|TwinCAT OS (ARMT2)
		{EFD724DD-07B2-4B0B-A6A6-C286B423E16A}.Release|TwinCAT RT (x64).ActiveCfg = Release|TwinCAT RT (x64)
		{EFD724DD-07B2-4B0B-A6A6-C286B423E16A}.Release|TwinCAT RT (x64).Build.0 = Release|TwinCAT RT (x64)
		{EFD724DD-07B2-4B0B-A6A6-C286B423E16A}.Release|TwinCAT RT (x86).ActiveCfg = Release|TwinCAT RT (x86)
		{EFD724DD-07B2-4B0B-A6A6-C286B423E16A}.Release|TwinCAT RT (x86).Build.0 = Release|TwinCAT RT (x86)
		{89EBE93B-3262-4D9A-8A9E-0F41842FA670}.Debug|TwinCAT CE7 (ARMV7).ActiveCfg = Debug|TwinCAT CE7 (ARMV7)
		{89EBE93B-3262-4D9A-8A9E-0F41842FA670}.Debug|TwinCAT CE7 (ARMV7).Build.0 = Debug|TwinCAT CE7 (ARMV7)
		{89EBE93B-3262-4D9A-8A9E-0F41842FA670}.Debug|TwinCAT OS (ARMT2).ActiveCfg = Debug|TwinCAT OS (ARMT2)
		{89EBE93B-3262-4D9A-8A9E-0F41842FA670}.Debug|TwinCAT OS (ARMT2).Build.0 = Debug|TwinCAT OS (ARMT2)
		{89EBE93B-3262-4D9A-8A9E-0F41842FA670}.Debug|TwinCAT OS (x64).ActiveCfg = Debug|TwinCAT OS (ARMT2)
		{89EBE93B-3262-4D9A-8A9E-0F41842FA670}.Debug|TwinCAT RT (x64).ActiveCfg = Debug|TwinCAT RT (x64)
		{89EBE93B-3262-4D9A-8A9E-0F41842FA670}.Debug|TwinCAT RT (x64).Build.0 = Debug|TwinCAT RT (x64)
		{89EBE93B-3262-4D9A-8A9E-0F41842FA670}.Debug|TwinCAT RT (x86).ActiveCfg = Debug|TwinCAT RT (x86)
		{89EBE93B-3262-4D9A-8A9E-0F41842FA670}.Debug|TwinCAT RT (x86).Build.0 = Debug|TwinCAT RT (x86)
		{89EBE93B-3262-4D9A-8A9E-0F41842FA670}.Release|TwinCAT CE7 (ARMV7).ActiveCfg = Release|TwinCAT CE7 (ARMV7)
		{89EBE93B-3262-4D9A-8A9E-0F41842FA670}.Release|TwinCAT CE7 (ARMV7).Build.0 = Release|TwinCAT CE7 (ARMV7)
		{89EBE93B-3262-4D9A-8A9E-0F41842FA670}.Release|TwinCAT OS (ARMT2).ActiveCfg = Release|TwinCAT OS (ARMT2)
		{89EBE93B-3262-4D9A-8A9E-0F41842FA670}.Release|TwinCAT OS (ARMT2).Build.0 = Release|TwinCAT OS (ARMT2)
		{89EBE93B-3262-4D9A-8A9E-0F41842FA670}.Release|TwinCAT OS (x64).ActiveCfg = Release|TwinCAT OS (ARMT2)
		{89EBE93B-3262-4D9A-8A9E-0F41842FA670}.Release|TwinCAT RT (x64).ActiveCfg = Release|TwinCAT RT (x64)
		{89EBE93B-3262-4D9A-8A9E-0F41842FA670}.Release|TwinCAT RT (x64).Build.0 = Release|TwinCAT RT (x64)
		{89EBE93B-3262-4D9A-8A9E-0F41842FA670}.Release|TwinCAT RT (x86).ActiveCfg = Release|TwinCAT RT (x86)
		{89EBE93B-3262-4D9A-8A9E-0F41842FA670}.Release|TwinCAT RT (x86).Build.0 = Release|TwinCAT RT (x86)
		{15528FE7-E6FC-4876-8AD3-16F5B86E3568}.Debug|TwinCAT CE7 (ARMV7).ActiveCfg = Debug|TwinCAT CE7 (ARMV7)
		{15528FE7-E6FC-4876-8AD3-16F5B86E3568}.Debug|TwinCAT CE7 (ARMV7).Build.0 = Debug|TwinCAT CE7 (ARMV7)
		{15528FE7-E6FC-4876-8AD3-16F5B86E3568}.Debug|TwinCAT OS (ARMT2).ActiveCfg = Debug|TwinCAT OS (ARMT2)
		{15528FE7-E6FC-4876-8AD3-16F5B86E3568}.Debug|TwinCAT OS (ARMT2).Build.0 = Debug|TwinCAT OS (ARMT2)
		{15528FE7-E6FC-4876-8AD3-16F5B86E3568}.Debug|TwinCAT OS (x64).ActiveCfg = Debug|TwinCAT OS (ARMT2)
		{15528FE7-E6FC-4876-8AD3-16F5B86E3568}.Debug|TwinCAT RT (x64).ActiveCfg = Debug|TwinCAT RT (x64)
		{15528FE7-E6FC-4876-8AD3-16F5B86E3568}.Debug|TwinCAT RT (x64).Build.0 = Debug|TwinCAT RT (x64)
		{15528FE7-E6FC-4876-8AD3-16F5B86E3568}.Debug|TwinCAT RT (x86).ActiveCfg = Debug|TwinCAT RT (x86)
		{15528FE7-E6FC-4876-8AD3-16F5B86E3568}.Debug|TwinCAT RT (x86).Build.0 = Debug|TwinCAT RT (x86)
		{15528FE7-E6FC-4876-8AD3-16F5B86E3568}.Release|TwinCAT CE7 (ARMV7).ActiveCfg = Release|TwinCAT CE7 (ARMV7)
		{15528FE7-E6FC-4876-8AD3-16F5B86E3568}.Release|TwinCAT CE7 (ARMV7).Build.0 = Release|TwinCAT CE7 (ARMV7)
		{15528FE7-E6FC-4876-8AD3-16F5B86E3568}.Release|TwinCAT OS (ARMT2).ActiveCfg = Release|TwinCAT OS (ARMT2)
		{15528FE7-E6FC-4876-8AD3-16F5B86E3568}.Release|TwinCAT OS (ARMT2).Build.0 = Release|TwinCAT OS (ARMT2)
		{15528FE7-E6FC-4876-8AD3-16F5B86E3568}.Release|TwinCAT OS (x64).ActiveCfg = Release|TwinCAT OS (ARMT2)
		{15528FE7-E6FC-4876-8AD3-16F5B86E3568}.Release|TwinCAT RT (x64).ActiveCfg = Release|TwinCAT RT (x64)
		{15528FE7-E6FC-4876-8AD3-16F5B86E3568}.Release|TwinCAT RT (x64).Build.0 = Release|TwinCAT RT (x64)
		{15528FE7-E6FC-4876-8AD3-16F5B86E3568}.Release|TwinCAT RT (x86).ActiveCfg = Release|TwinCAT RT (x86)
		{15528FE7-E6FC-4876-8AD3-16F5B86E3568}.Release|TwinCAT RT (x86).Build.0 = Release|TwinCAT RT (x86)
		{058F41A7-DA1E-42B4-95C2-601B18A1113D}.Debug|TwinCAT CE7 (ARMV7).ActiveCfg = Debug|TwinCAT CE7 (ARMV7)
		{058F41A7-DA1E-42B4-95C2-601B18A1113D}.Debug|TwinCAT CE7 (ARMV7).Build.0 = Debug|TwinCAT CE7 (ARMV7)
		{058F41A7-DA1E-42B4-95C2-601B18A1113D}.Debug|TwinCAT OS (ARMT2).ActiveCfg = Debug|TwinCAT OS (ARMT2)
		{058F41A7-DA1E-42B4-95C2-601B18A1113D}.Debug|TwinCAT OS (ARMT2).Build.0 = Debug|TwinCAT OS (ARMT2)
		{058F41A7-DA1E-42B4-95C2-601B18A1113D}.Debug|TwinCAT OS (x64).ActiveCfg = Debug|TwinCAT OS (ARMT2)
		{058F41A7-DA1E-42B4-95C2-601B18A1113D}.Debug|TwinCAT RT (x64).ActiveCfg = Debug|TwinCAT RT (x64)
		{058F41A7-DA1E-42B4-95C2-601B18A1113D}.Debug|TwinCAT RT (x64).Build.0 = Debug|TwinCAT RT (x64)
		{058F41A7-DA1E-42B4-95C2-601B18A1113D}.Debug|TwinCAT RT (x86).ActiveCfg = Debug|TwinCAT RT (x86)
		{058F41A7-DA1E-42B4-95C2-601B18A1113D}.Debug|TwinCAT RT (x86).Build.0 = Debug|TwinCAT RT (x86)
		{058F41A7-DA1E-42B4-95C2-601B18A1113D}.Release|TwinCAT CE7 (ARMV7).ActiveCfg = Release|TwinCAT CE7 (ARMV7)
		{058F41A7-DA1E-42B4-95C2-601B18A1113D}.Release|TwinCAT CE7 (ARMV7).Build.0 = Release|TwinCAT CE7 (ARMV7)
		{058F41A7-DA1E-42B4-95C2-601B18A1113D}.Release|TwinCAT OS (ARMT2).ActiveCfg = Release|TwinCAT OS (ARMT2)
		{058F41A7-DA1E-42B4-95C2-601B18A1113D}.Release|TwinCAT OS (ARMT2).Build.0 = Release|TwinCAT OS (ARMT2)
		{058F41A7-DA1E-42B4-95C2-601B18A1113D}.Release|TwinCAT OS (x64).ActiveCfg = Release|TwinCAT OS (ARMT2)
		{058F41A7-DA1E-42B4-95C2-601B18A1113D}.Release|TwinCAT RT (x64).ActiveCfg = Release|TwinCAT RT (x64)
		{058F41A7-DA1E-42B4-95C2-601B18A1113D}.Release|TwinCAT RT (x64).Build.0 = Release|TwinCAT RT (x64)
		{058F41A7-DA1E-42B4-95C2-601B18A1113D}.Release|TwinCAT RT (x86).ActiveCfg = Release|TwinCAT RT (x86)
		{058F41A7-DA1E-42B4-95C2-601B18A1113D}.Release|TwinCAT RT (x86).Build.0 = Release|TwinCAT RT (x86)
		{832F1D76-B491-48D8-ACAB-7E6D74FFAD17}.Debug|TwinCAT CE7 (ARMV7).ActiveCfg = Debug|TwinCAT CE7 (ARMV7)
		{832F1D76-B491-48D8-ACAB-7E6D74FFAD17}.Debug|TwinCAT OS (ARMT2).ActiveCfg = Debug|TwinCAT OS (ARMT2)
		{832F1D76-B491-48D8-ACAB-7E6D74FFAD17}.Debug|TwinCAT OS (x64).ActiveCfg = Debug|TwinCAT OS (x64)
		{832F1D76-B491-48D8-ACAB-7E6D74FFAD17}.Debug|TwinCAT RT (x64).ActiveCfg = Debug|TwinCAT RT (x64)
		{832F1D76-B491-48D8-ACAB-7E6D74FFAD17}.Debug|TwinCAT RT (x86).ActiveCfg = Debug|TwinCAT RT (x86)
		{832F1D76-B491-48D8-ACAB-7E6D74FFAD17}.Release|TwinCAT CE7 (ARMV7).ActiveCfg = Release|TwinCAT CE7 (ARMV7)
		{832F1D76-B491-48D8-ACAB-7E6D74FFAD17}.Release|TwinCAT OS (ARMT2).ActiveCfg = Release|TwinCAT OS (ARMT2)
		{832F1D76-B491-48D8-ACAB-7E6D74FFAD17}.Release|TwinCAT OS (x64).ActiveCfg = Release|TwinCAT OS (x64)
		{832F1D76-B491-48D8-ACAB-7E6D74FFAD17}.Release|TwinCAT RT (x64).ActiveCfg = Release|TwinCAT RT (x64)
		{832F1D76-B491-48D8-ACAB-7E6D74FFAD17}.Release|TwinCAT RT (x86).ActiveCfg = Release|TwinCAT RT (x86)
		{D910440B-A715-407E-9730-EBC042ACFC13}.Debug|TwinCAT CE7 (ARMV7).ActiveCfg = Debug|TwinCAT CE7 (ARMV7)
		{D910440B-A715-407E-9730-EBC042ACFC13}.Debug|TwinCAT CE7 (ARMV7).Build.0 = Debug|TwinCAT CE7 (ARMV7)
		{D910440B-A715-407E-9730-EBC042ACFC13}.Debug|TwinCAT OS (ARMT2).ActiveCfg = Debug|TwinCAT OS (ARMT2)
		{D910440B-A715-407E-9730-EBC042ACFC13}.Debug|TwinCAT OS (ARMT2).Build.0 = Debug|TwinCAT OS (ARMT2)
		{D910440B-A715-407E-9730-EBC042ACFC13}.Debug|TwinCAT OS (x64).ActiveCfg = Debug|TwinCAT OS (ARMT2)
		{D910440B-A715-407E-9730-EBC042ACFC13}.Debug|TwinCAT RT (x64).ActiveCfg = Debug|TwinCAT RT (x64)
		{D910440B-A715-407E-9730-EBC042ACFC13}.Debug|TwinCAT RT (x64).Build.0 = Debug|TwinCAT RT (x64)
		{D910440B-A715-407E-9730-EBC042ACFC13}.Debug|TwinCAT RT (x86).ActiveCfg = Debug|TwinCAT RT (x86)
		{D910440B-A715-407E-9730-EBC042ACFC13}.Debug|TwinCAT RT (x86).Build.0 = Debug|TwinCAT RT (x86)
		{D910440B-A715-407E-9730-EBC042ACFC13}.Release|TwinCAT CE7 (ARMV7).ActiveCfg = Release|TwinCAT CE7 (ARMV7)
		{D910440B-A715-407E-9730-EBC042ACFC13}.Release|TwinCAT CE7 (ARMV7).Build.0 = Release|TwinCAT CE7 (ARMV7)
		{D910440B-A715-407E-9730-EBC042ACFC13}.Release|TwinCAT OS (ARMT2).ActiveCfg = Release|TwinCAT OS (ARMT2)
		{D910440B-A715-407E-9730-EBC042ACFC13}.Release|TwinCAT OS (ARMT2).Build.0 = Release|TwinCAT OS (ARMT2)
		{D910440B-A715-407E-9730-EBC042ACFC13}.Release|TwinCAT OS (x64).ActiveCfg = Release|TwinCAT OS (ARMT2)
		{D910440B-A715-407E-9730-EBC042ACFC13}.Release|TwinCAT RT (x64).ActiveCfg = Release|TwinCAT RT (x64)
		{D910440B-A715-407E-9730-EBC042ACFC13}.Release|TwinCAT RT (x64).Build.0 = Release|TwinCAT RT (x64)
		{D910440B-A715-407E-9730-EBC042ACFC13}.Release|TwinCAT RT (x86).ActiveCfg = Release|TwinCAT RT (x86)
		{D910440B-A715-407E-9730-EBC042ACFC13}.Release|TwinCAT RT (x86).Build.0 = Release|TwinCAT RT (x86)
		{FD8F8852-6E25-4EE4-BAC0-D1BFC04FFCEC}.Debug|TwinCAT CE7 (ARMV7).ActiveCfg = Debug|TwinCAT CE7 (ARMV7)
		{FD8F8852-6E25-4EE4-BAC0-D1BFC04FFCEC}.Debug|TwinCAT OS (ARMT2).ActiveCfg = Debug|TwinCAT OS (ARMT2)
		{FD8F8852-6E25-4EE4-BAC0-D1BFC04FFCEC}.Debug|TwinCAT OS (x64).ActiveCfg = Debug|TwinCAT OS (x64)
		{FD8F8852-6E25-4EE4-BAC0-D1BFC04FFCEC}.Debug|TwinCAT RT (x64).ActiveCfg = Debug|TwinCAT RT (x64)
		{FD8F8852-6E25-4EE4-BAC0-D1BFC04FFCEC}.Debug|TwinCAT RT (x86).ActiveCfg = Debug|TwinCAT RT (x86)
		{FD8F8852-6E25-4EE4-BAC0-D1BFC04FFCEC}.Release|TwinCAT CE7 (ARMV7).ActiveCfg = Release|TwinCAT CE7 (ARMV7)
		{FD8F8852-6E25-4EE4-BAC0-D1BFC04FFCEC}.Release|TwinCAT OS (ARMT2).ActiveCfg = Release|TwinCAT OS (ARMT2)
		{FD8F8852-6E25-4EE4-BAC0-D1BFC04FFCEC}.Release|TwinCAT OS (x64).ActiveCfg = Release|TwinCAT OS (x64)
		{FD8F8852-6E25-4EE4-BAC0-D1BFC04FFCEC}.Release|TwinCAT RT (x64).ActiveCfg = Release|TwinCAT RT (x64)
		{FD8F8852-6E25-4EE4-BAC0-D1BFC04FFCEC}.Release|TwinCAT RT (x86).ActiveCfg = Release|TwinCAT RT (x86)
	EndGlobalSection
	GlobalSection(SolutionProperties) = preSolution
		HideSolutionNode = FALSE
	EndGlobalSection
	GlobalSection(ExtensibilityGlobals) = postSolution
		SolutionGuid = {DD0DCFAB-EB41-4EB2-B6DC-962B21FA580C}
	EndGlobalSection
EndGlobal
